
Microsoft Visual Studio Solution File, Format Version 12.00
# Visual Studio Version 17
VisualStudioVersion = 17.3.32922.545
MinimumVisualStudioVersion = 10.0.40219.1
Project("{9A19103F-16F7-4668-BE54-9A1E7A4F7556}") = "AddressClassification", "AddressClassification\AddressClassification.csproj", "{E9BEFC3F-9400-41BA-BF48-DF18CE87563F}"
EndProject
Project("{9A19103F-16F7-4668-BE54-9A1E7A4F7556}") = "AddrModel_Predicter", "AddrModel_Predicter\AddrModel_Predicter.csproj", "{43ABE9C1-1C29-4A5D-B4BC-588F5698D315}"
EndProject
Global
	GlobalSection(SolutionConfigurationPlatforms) = preSolution
		Debug|Any CPU = Debug|Any CPU
		Release|Any CPU = Release|Any CPU
	EndGlobalSection
	GlobalSection(ProjectConfigurationPlatforms) = postSolution
		{E9BEFC3F-9400-41BA-BF48-DF18CE87563F}.Debug|Any CPU.ActiveCfg = Debug|Any CPU
		{E9BEFC3F-9400-41BA-BF48-DF18CE87563F}.Debug|Any CPU.Build.0 = Debug|Any CPU
		{E9BEFC3F-9400-41BA-BF48-DF18CE87563F}.Release|Any CPU.ActiveCfg = Release|Any CPU
		{E9BEFC3F-9400-41BA-BF48-DF18CE87563F}.Release|Any CPU.Build.0 = Release|Any CPU
		{43ABE9C1-1C29-4A5D-B4BC-588F5698D315}.Debug|Any CPU.ActiveCfg = Debug|Any CPU
		{43ABE9C1-1C29-4A5D-B4BC-588F5698D315}.Debug|Any CPU.Build.0 = Debug|Any CPU
		{43ABE9C1-1C29-4A5D-B4BC-588F5698D315}.Release|Any CPU.ActiveCfg = Release|Any CPU
		{43ABE9C1-1C29-4A5D-B4BC-588F5698D315}.Release|Any CPU.Build.0 = Release|Any CPU
	EndGlobalSection
	GlobalSection(SolutionProperties) = preSolution
		HideSolutionNode = FALSE
	EndGlobalSection
	GlobalSection(ExtensibilityGlobals) = postSolution
		SolutionGuid = {035AFB86-6A31-4555-8C45-3B19A7FFDFB8}
	EndGlobalSection
EndGlobal
